
Microsoft Visual Studio Solution File, Format Version 12.00
# Visual Studio Version 17
VisualStudioVersion = 17.10.35013.160
MinimumVisualStudioVersion = 10.0.40219.1
Project("{8BC9CEB8-8B4A-11D0-8D11-00A0C91BC942}") = "budget", "budget\budget.vcxproj", "{D994A003-51E5-47AE-A04F-1B5511FFAFF1}"
EndProject
Project("{8BC9CEB8-8B4A-11D0-8D11-00A0C91BC942}") = "server", "server\server.vcxproj", "{3404902D-FAE9-4416-8194-6D7D18659E40}"
EndProject
Project("{8BC9CEB8-8B4A-11D0-8D11-00A0C91BC942}") = "airplane", "airplane\airplane.vcxproj", "{41E0A5FE-F90F-405F-BED8-7636D6DD5FF8}"
EndProject
Global
	GlobalSection(SolutionConfigurationPlatforms) = preSolution
		Debug|x64 = Debug|x64
		Release|x64 = Release|x64
	EndGlobalSection
	GlobalSection(ProjectConfigurationPlatforms) = postSolution
		{D994A003-51E5-47AE-A04F-1B5511FFAFF1}.Debug|x64.ActiveCfg = Debug|x64
		{D994A003-51E5-47AE-A04F-1B5511FFAFF1}.Debug|x64.Build.0 = Debug|x64
		{D994A003-51E5-47AE-A04F-1B5511FFAFF1}.Release|x64.ActiveCfg = Release|x64
		{D994A003-51E5-47AE-A04F-1B5511FFAFF1}.Release|x64.Build.0 = Release|x64
		{3404902D-FAE9-4416-8194-6D7D18659E40}.Debug|x64.ActiveCfg = Debug|x64
		{3404902D-FAE9-4416-8194-6D7D18659E40}.Debug|x64.Build.0 = Debug|x64
		{3404902D-FAE9-4416-8194-6D7D18659E40}.Release|x64.ActiveCfg = Release|x64
		{3404902D-FAE9-4416-8194-6D7D18659E40}.Release|x64.Build.0 = Release|x64
		{41E0A5FE-F90F-405F-BED8-7636D6DD5FF8}.Debug|x64.ActiveCfg = Debug|x64
		{41E0A5FE-F90F-405F-BED8-7636D6DD5FF8}.Debug|x64.Build.0 = Debug|x64
		{41E0A5FE-F90F-405F-BED8-7636D6DD5FF8}.Release|x64.ActiveCfg = Release|x64
		{41E0A5FE-F90F-405F-BED8-7636D6DD5FF8}.Release|x64.Build.0 = Release|x64
	EndGlobalSection
	GlobalSection(SolutionProperties) = preSolution
		HideSolutionNode = FALSE
	EndGlobalSection
	GlobalSection(ExtensibilityGlobals) = postSolution
		SolutionGuid = {821B14C8-C74B-410E-9B39-A3E3985CB3E5}
	EndGlobalSection
EndGlobal
